
Microsoft Visual Studio Solution File, Format Version 12.00
# Visual Studio Version 16
VisualStudioVersion = 16.0.33027.164
MinimumVisualStudioVersion = 10.0.40219.1
Project("{9A19103F-16F7-4668-BE54-9A1E7A4F7556}") = "TestPR", "TestPR.csproj", "{05924A77-6DC8-47A2-B7DC-12F7F7E2D535}"
EndProject
Global
	GlobalSection(SolutionConfigurationPlatforms) = preSolution
		Debug|Any CPU = Debug|Any CPU
		Release|Any CPU = Release|Any CPU
	EndGlobalSection
	GlobalSection(ProjectConfigurationPlatforms) = postSolution
		{05924A77-6DC8-47A2-B7DC-12F7F7E2D535}.Debug|Any CPU.ActiveCfg = Debug|Any CPU
		{05924A77-6DC8-47A2-B7DC-12F7F7E2D535}.Debug|Any CPU.Build.0 = Debug|Any CPU
		{05924A77-6DC8-47A2-B7DC-12F7F7E2D535}.Release|Any CPU.ActiveCfg = Release|Any CPU
		{05924A77-6DC8-47A2-B7DC-12F7F7E2D535}.Release|Any CPU.Build.0 = Release|Any CPU
	EndGlobalSection
	GlobalSection(SolutionProperties) = preSolution
		HideSolutionNode = FALSE
	EndGlobalSection
	GlobalSection(ExtensibilityGlobals) = postSolution
		SolutionGuid = {6C06EE12-6243-415D-9848-FA857D3B9B4C}
	EndGlobalSection
EndGlobal
